// !$*UTF8*$!
{
	archiveVersion = 1;
	classes = {
	};
	objectVersion = 50;
	objects = {

/* Begin PBXBuildFile section */
		1CE273A923781EB600198E7F /* NotesTableViewCell.swift in Sources */ = {isa = PBXBuildFile; fileRef = 1CE273A823781EB600198E7F /* NotesTableViewCell.swift */; };
		78406AD6237AD6AD008794F0 /* CustomTextView.swift in Sources */ = {isa = PBXBuildFile; fileRef = 78406AD5237AD6AD008794F0 /* CustomTextView.swift */; };
		78406AD8237AD813008794F0 /* UIKitForProject.swift in Sources */ = {isa = PBXBuildFile; fileRef = 78406AD7237AD813008794F0 /* UIKitForProject.swift */; };
		78406ADA237ADA78008794F0 /* CustomButton.swift in Sources */ = {isa = PBXBuildFile; fileRef = 78406AD9237ADA78008794F0 /* CustomButton.swift */; };
		7870234B237CB00100B93766 /* TrelloManager.swift in Sources */ = {isa = PBXBuildFile; fileRef = 7870234A237CB00100B93766 /* TrelloManager.swift */; };
		7870234D237CB34E00B93766 /* AuthorizationVC.swift in Sources */ = {isa = PBXBuildFile; fileRef = 7870234C237CB34E00B93766 /* AuthorizationVC.swift */; };
		A438A175237986EE000651BE /* TextDataUpdateProtocol.swift in Sources */ = {isa = PBXBuildFile; fileRef = A438A174237986EE000651BE /* TextDataUpdateProtocol.swift */; };
		A45CBD3D237BF31A005C9B72 /* GradientButton.swift in Sources */ = {isa = PBXBuildFile; fileRef = A45CBD3C237BF31A005C9B72 /* GradientButton.swift */; };
		A4EC3DC023794020003764C9 /* NestedTableViewCell.swift in Sources */ = {isa = PBXBuildFile; fileRef = A4EC3DB723794020003764C9 /* NestedTableViewCell.swift */; };
		A4EC3DC123794020003764C9 /* UsefulCell.swift in Sources */ = {isa = PBXBuildFile; fileRef = A4EC3DB823794020003764C9 /* UsefulCell.swift */; };
		A4EC3DC223794020003764C9 /* AddButtonViewController.swift in Sources */ = {isa = PBXBuildFile; fileRef = A4EC3DB923794020003764C9 /* AddButtonViewController.swift */; };
		A4EC3DC323794020003764C9 /* ListView.swift in Sources */ = {isa = PBXBuildFile; fileRef = A4EC3DBA23794020003764C9 /* ListView.swift */; };
		A4EC3DC423794020003764C9 /* AddButtonView.swift in Sources */ = {isa = PBXBuildFile; fileRef = A4EC3DBB23794020003764C9 /* AddButtonView.swift */; };
		A4EC3DC523794020003764C9 /* HasCustomViewProtocol.swift in Sources */ = {isa = PBXBuildFile; fileRef = A4EC3DBC23794020003764C9 /* HasCustomViewProtocol.swift */; };
		A4EC3DC623794020003764C9 /* TasksCollectionViewController.swift in Sources */ = {isa = PBXBuildFile; fileRef = A4EC3DBD23794020003764C9 /* TasksCollectionViewController.swift */; };
		A4EC3DC723794020003764C9 /* ListViewController.swift in Sources */ = {isa = PBXBuildFile; fileRef = A4EC3DBE23794020003764C9 /* ListViewController.swift */; };
		A4EC3DC823794020003764C9 /* TasksCollectionView.swift in Sources */ = {isa = PBXBuildFile; fileRef = A4EC3DBF23794020003764C9 /* TasksCollectionView.swift */; };
		C94294052375D1240077AD8A /* MyTabBarController.swift in Sources */ = {isa = PBXBuildFile; fileRef = C94294042375D0C80077AD8A /* MyTabBarController.swift */; };
		C94294092375D2350077AD8A /* NotesViewController.swift in Sources */ = {isa = PBXBuildFile; fileRef = C94294082375D2350077AD8A /* NotesViewController.swift */; };
		C942940B2375D23F0077AD8A /* SettingsViewController.swift in Sources */ = {isa = PBXBuildFile; fileRef = C942940A2375D23F0077AD8A /* SettingsViewController.swift */; };
		C942940D2375DA830077AD8A /* EditNoteViewController.swift in Sources */ = {isa = PBXBuildFile; fileRef = C942940C2375DA830077AD8A /* EditNoteViewController.swift */; };
		C952FAE72375ECAF009DB26C /* HelperUserDefaults.swift in Sources */ = {isa = PBXBuildFile; fileRef = C952FAE62375ECAF009DB26C /* HelperUserDefaults.swift */; };
		C960C50D2375A54F002703DC /* AppDelegate.swift in Sources */ = {isa = PBXBuildFile; fileRef = C960C50C2375A54F002703DC /* AppDelegate.swift */; };
		C960C5142375A555002703DC /* Assets.xcassets in Resources */ = {isa = PBXBuildFile; fileRef = C960C5132375A555002703DC /* Assets.xcassets */; };
		C960C5172375A555002703DC /* LaunchScreen.storyboard in Resources */ = {isa = PBXBuildFile; fileRef = C960C5152375A555002703DC /* LaunchScreen.storyboard */; };
		C960C51F2375A5D7002703DC /* RootViewController.swift in Sources */ = {isa = PBXBuildFile; fileRef = C960C51E2375A5D7002703DC /* RootViewController.swift */; };
		C960C5212375A70F002703DC /* WelcomeViewController.swift in Sources */ = {isa = PBXBuildFile; fileRef = C960C5202375A70F002703DC /* WelcomeViewController.swift */; };
		C960C5232375A72D002703DC /* LoginViewController.swift in Sources */ = {isa = PBXBuildFile; fileRef = C960C5222375A72D002703DC /* LoginViewController.swift */; };
		C964637D2375C8E6000C33B5 /* SignInViewController.swift in Sources */ = {isa = PBXBuildFile; fileRef = C964637C2375C8E6000C33B5 /* SignInViewController.swift */; };
		C964637F2375C8F8000C33B5 /* SignUpViewController.swift in Sources */ = {isa = PBXBuildFile; fileRef = C964637E2375C8F8000C33B5 /* SignUpViewController.swift */; };
/* End PBXBuildFile section */

/* Begin PBXFileReference section */
		1CE273A823781EB600198E7F /* NotesTableViewCell.swift */ = {isa = PBXFileReference; lastKnownFileType = sourcecode.swift; path = NotesTableViewCell.swift; sourceTree = "<group>"; };
		78406AD5237AD6AD008794F0 /* CustomTextView.swift */ = {isa = PBXFileReference; lastKnownFileType = sourcecode.swift; path = CustomTextView.swift; sourceTree = "<group>"; };
		78406AD7237AD813008794F0 /* UIKitForProject.swift */ = {isa = PBXFileReference; lastKnownFileType = sourcecode.swift; path = UIKitForProject.swift; sourceTree = "<group>"; };
		78406AD9237ADA78008794F0 /* CustomButton.swift */ = {isa = PBXFileReference; lastKnownFileType = sourcecode.swift; path = CustomButton.swift; sourceTree = "<group>"; };
		7870234A237CB00100B93766 /* TrelloManager.swift */ = {isa = PBXFileReference; lastKnownFileType = sourcecode.swift; path = TrelloManager.swift; sourceTree = "<group>"; };
		7870234C237CB34E00B93766 /* AuthorizationVC.swift */ = {isa = PBXFileReference; lastKnownFileType = sourcecode.swift; path = AuthorizationVC.swift; sourceTree = "<group>"; };
		A438A174237986EE000651BE /* TextDataUpdateProtocol.swift */ = {isa = PBXFileReference; lastKnownFileType = sourcecode.swift; path = TextDataUpdateProtocol.swift; sourceTree = "<group>"; };
		A45CBD3C237BF31A005C9B72 /* GradientButton.swift */ = {isa = PBXFileReference; lastKnownFileType = sourcecode.swift; path = GradientButton.swift; sourceTree = "<group>"; };
		A4EC3DB723794020003764C9 /* NestedTableViewCell.swift */ = {isa = PBXFileReference; fileEncoding = 4; lastKnownFileType = sourcecode.swift; path = NestedTableViewCell.swift; sourceTree = "<group>"; };
		A4EC3DB823794020003764C9 /* UsefulCell.swift */ = {isa = PBXFileReference; fileEncoding = 4; lastKnownFileType = sourcecode.swift; path = UsefulCell.swift; sourceTree = "<group>"; };
		A4EC3DB923794020003764C9 /* AddButtonViewController.swift */ = {isa = PBXFileReference; fileEncoding = 4; lastKnownFileType = sourcecode.swift; path = AddButtonViewController.swift; sourceTree = "<group>"; };
		A4EC3DBA23794020003764C9 /* ListView.swift */ = {isa = PBXFileReference; fileEncoding = 4; lastKnownFileType = sourcecode.swift; path = ListView.swift; sourceTree = "<group>"; };
		A4EC3DBB23794020003764C9 /* AddButtonView.swift */ = {isa = PBXFileReference; fileEncoding = 4; lastKnownFileType = sourcecode.swift; path = AddButtonView.swift; sourceTree = "<group>"; };
		A4EC3DBC23794020003764C9 /* HasCustomViewProtocol.swift */ = {isa = PBXFileReference; fileEncoding = 4; lastKnownFileType = sourcecode.swift; path = HasCustomViewProtocol.swift; sourceTree = "<group>"; };
		A4EC3DBD23794020003764C9 /* TasksCollectionViewController.swift */ = {isa = PBXFileReference; fileEncoding = 4; lastKnownFileType = sourcecode.swift; path = TasksCollectionViewController.swift; sourceTree = "<group>"; };
		A4EC3DBE23794020003764C9 /* ListViewController.swift */ = {isa = PBXFileReference; fileEncoding = 4; lastKnownFileType = sourcecode.swift; path = ListViewController.swift; sourceTree = "<group>"; };
		A4EC3DBF23794020003764C9 /* TasksCollectionView.swift */ = {isa = PBXFileReference; fileEncoding = 4; lastKnownFileType = sourcecode.swift; path = TasksCollectionView.swift; sourceTree = "<group>"; };
		C94294042375D0C80077AD8A /* MyTabBarController.swift */ = {isa = PBXFileReference; lastKnownFileType = sourcecode.swift; path = MyTabBarController.swift; sourceTree = "<group>"; };
		C94294082375D2350077AD8A /* NotesViewController.swift */ = {isa = PBXFileReference; lastKnownFileType = sourcecode.swift; path = NotesViewController.swift; sourceTree = "<group>"; };
		C942940A2375D23F0077AD8A /* SettingsViewController.swift */ = {isa = PBXFileReference; lastKnownFileType = sourcecode.swift; path = SettingsViewController.swift; sourceTree = "<group>"; };
		C942940C2375DA830077AD8A /* EditNoteViewController.swift */ = {isa = PBXFileReference; lastKnownFileType = sourcecode.swift; path = EditNoteViewController.swift; sourceTree = "<group>"; };
		C952FAE62375ECAF009DB26C /* HelperUserDefaults.swift */ = {isa = PBXFileReference; lastKnownFileType = sourcecode.swift; path = HelperUserDefaults.swift; sourceTree = "<group>"; };
		C960C5092375A54F002703DC /* AppStructure.app */ = {isa = PBXFileReference; explicitFileType = wrapper.application; includeInIndex = 0; path = AppStructure.app; sourceTree = BUILT_PRODUCTS_DIR; };
		C960C50C2375A54F002703DC /* AppDelegate.swift */ = {isa = PBXFileReference; lastKnownFileType = sourcecode.swift; path = AppDelegate.swift; sourceTree = "<group>"; };
		C960C5132375A555002703DC /* Assets.xcassets */ = {isa = PBXFileReference; lastKnownFileType = folder.assetcatalog; path = Assets.xcassets; sourceTree = "<group>"; };
		C960C5162375A555002703DC /* Base */ = {isa = PBXFileReference; lastKnownFileType = file.storyboard; name = Base; path = Base.lproj/LaunchScreen.storyboard; sourceTree = "<group>"; };
		C960C5182375A555002703DC /* Info.plist */ = {isa = PBXFileReference; lastKnownFileType = text.plist.xml; path = Info.plist; sourceTree = "<group>"; };
		C960C51E2375A5D7002703DC /* RootViewController.swift */ = {isa = PBXFileReference; lastKnownFileType = sourcecode.swift; path = RootViewController.swift; sourceTree = "<group>"; };
		C960C5202375A70F002703DC /* WelcomeViewController.swift */ = {isa = PBXFileReference; lastKnownFileType = sourcecode.swift; path = WelcomeViewController.swift; sourceTree = "<group>"; };
		C960C5222375A72D002703DC /* LoginViewController.swift */ = {isa = PBXFileReference; lastKnownFileType = sourcecode.swift; path = LoginViewController.swift; sourceTree = "<group>"; };
		C964637C2375C8E6000C33B5 /* SignInViewController.swift */ = {isa = PBXFileReference; lastKnownFileType = sourcecode.swift; path = SignInViewController.swift; sourceTree = "<group>"; };
		C964637E2375C8F8000C33B5 /* SignUpViewController.swift */ = {isa = PBXFileReference; lastKnownFileType = sourcecode.swift; path = SignUpViewController.swift; sourceTree = "<group>"; };
/* End PBXFileReference section */

/* Begin PBXFrameworksBuildPhase section */
		C960C5062375A54F002703DC /* Frameworks */ = {
			isa = PBXFrameworksBuildPhase;
			buildActionMask = 2147483647;
			files = (
			);
			runOnlyForDeploymentPostprocessing = 0;
		};
/* End PBXFrameworksBuildPhase section */

/* Begin PBXGroup section */
		1CE273AC23784DC000198E7F /* Notes */ = {
			isa = PBXGroup;
			children = (
				C94294082375D2350077AD8A /* NotesViewController.swift */,
				1CE273A823781EB600198E7F /* NotesTableViewCell.swift */,
				C942940C2375DA830077AD8A /* EditNoteViewController.swift */,
				A438A174237986EE000651BE /* TextDataUpdateProtocol.swift */,
			);
			path = Notes;
			sourceTree = "<group>";
		};
		78406AD4237AD448008794F0 /* Screens */ = {
			isa = PBXGroup;
			children = (
				C960C5202375A70F002703DC /* WelcomeViewController.swift */,
				C96AD84F237728BA00D9C6D0 /* Login */,
				C96463822375CEB8000C33B5 /* TabBar */,
			);
			path = Screens;
			sourceTree = "<group>";
		};
		78702349237CAFD500B93766 /* Trello */ = {
			isa = PBXGroup;
			children = (
				7870234A237CB00100B93766 /* TrelloManager.swift */,
			);
			path = Trello;
			sourceTree = "<group>";
		};
		A4EC3DB623793FE3003764C9 /* Tasks */ = {
			isa = PBXGroup;
			children = (
				A4EC3DBB23794020003764C9 /* AddButtonView.swift */,
				A4EC3DB923794020003764C9 /* AddButtonViewController.swift */,
				A4EC3DBC23794020003764C9 /* HasCustomViewProtocol.swift */,
				A4EC3DBA23794020003764C9 /* ListView.swift */,
				A4EC3DBE23794020003764C9 /* ListViewController.swift */,
				A4EC3DB723794020003764C9 /* NestedTableViewCell.swift */,
				A4EC3DBF23794020003764C9 /* TasksCollectionView.swift */,
				A4EC3DBD23794020003764C9 /* TasksCollectionViewController.swift */,
				A4EC3DB823794020003764C9 /* UsefulCell.swift */,
			);
			path = Tasks;
			sourceTree = "<group>";
		};
		C952FAE52375EC2F009DB26C /* Extensions */ = {
			isa = PBXGroup;
			children = (
				78406AD7237AD813008794F0 /* UIKitForProject.swift */,
				C952FAE62375ECAF009DB26C /* HelperUserDefaults.swift */,
				78406AD5237AD6AD008794F0 /* CustomTextView.swift */,
				78406AD9237ADA78008794F0 /* CustomButton.swift */,
				A45CBD3C237BF31A005C9B72 /* GradientButton.swift */,
			);
			path = Extensions;
			sourceTree = "<group>";
		};
		C960C5002375A54F002703DC = {
			isa = PBXGroup;
			children = (
				78406AD4237AD448008794F0 /* Screens */,
				C952FAE52375EC2F009DB26C /* Extensions */,
				78702349237CAFD500B93766 /* Trello */,
				C960C5132375A555002703DC /* Assets.xcassets */,
				C960C50B2375A54F002703DC /* AppStructure */,
				C960C50A2375A54F002703DC /* Products */,
			);
			sourceTree = "<group>";
		};
		C960C50A2375A54F002703DC /* Products */ = {
			isa = PBXGroup;
			children = (
				C960C5092375A54F002703DC /* AppStructure.app */,
			);
			name = Products;
			sourceTree = "<group>";
		};
		C960C50B2375A54F002703DC /* AppStructure */ = {
			isa = PBXGroup;
			children = (
				C960C50C2375A54F002703DC /* AppDelegate.swift */,
				C960C51E2375A5D7002703DC /* RootViewController.swift */,
				C960C5152375A555002703DC /* LaunchScreen.storyboard */,
				C960C5182375A555002703DC /* Info.plist */,
			);
			path = AppStructure;
			sourceTree = "<group>";
		};
		C96463822375CEB8000C33B5 /* TabBar */ = {
			isa = PBXGroup;
			children = (
				C94294042375D0C80077AD8A /* MyTabBarController.swift */,
				A4EC3DB623793FE3003764C9 /* Tasks */,
				1CE273AC23784DC000198E7F /* Notes */,
				C942940A2375D23F0077AD8A /* SettingsViewController.swift */,
			);
			path = TabBar;
			sourceTree = "<group>";
		};
		C96AD84F237728BA00D9C6D0 /* Login */ = {
			isa = PBXGroup;
			children = (
				C960C5222375A72D002703DC /* LoginViewController.swift */,
				C964637C2375C8E6000C33B5 /* SignInViewController.swift */,
				7870234C237CB34E00B93766 /* AuthorizationVC.swift */,
				C964637E2375C8F8000C33B5 /* SignUpViewController.swift */,
			);
			path = Login;
			sourceTree = "<group>";
		};
/* End PBXGroup section */

/* Begin PBXNativeTarget section */
		C960C5082375A54F002703DC /* AppStructure */ = {
			isa = PBXNativeTarget;
			buildConfigurationList = C960C51B2375A555002703DC /* Build configuration list for PBXNativeTarget "AppStructure" */;
			buildPhases = (
				C960C5052375A54F002703DC /* Sources */,
				C960C5062375A54F002703DC /* Frameworks */,
				C960C5072375A54F002703DC /* Resources */,
			);
			buildRules = (
			);
			dependencies = (
			);
			name = AppStructure;
			productName = AppStructure;
			productReference = C960C5092375A54F002703DC /* AppStructure.app */;
			productType = "com.apple.product-type.application";
		};
/* End PBXNativeTarget section */

/* Begin PBXProject section */
		C960C5012375A54F002703DC /* Project object */ = {
			isa = PBXProject;
			attributes = {
				LastSwiftUpdateCheck = 1030;
				LastUpgradeCheck = 1030;
				ORGANIZATIONNAME = "Ikhtiyor Nurmatov";
				TargetAttributes = {
					C960C5082375A54F002703DC = {
						CreatedOnToolsVersion = 10.3;
					};
				};
			};
			buildConfigurationList = C960C5042375A54F002703DC /* Build configuration list for PBXProject "AppStructure" */;
			compatibilityVersion = "Xcode 9.3";
			developmentRegion = en;
			hasScannedForEncodings = 0;
			knownRegions = (
				en,
				Base,
			);
			mainGroup = C960C5002375A54F002703DC;
			productRefGroup = C960C50A2375A54F002703DC /* Products */;
			projectDirPath = "";
			projectRoot = "";
			targets = (
				C960C5082375A54F002703DC /* AppStructure */,
			);
		};
/* End PBXProject section */

/* Begin PBXResourcesBuildPhase section */
		C960C5072375A54F002703DC /* Resources */ = {
			isa = PBXResourcesBuildPhase;
			buildActionMask = 2147483647;
			files = (
				C960C5172375A555002703DC /* LaunchScreen.storyboard in Resources */,
				C960C5142375A555002703DC /* Assets.xcassets in Resources */,
			);
			runOnlyForDeploymentPostprocessing = 0;
		};
/* End PBXResourcesBuildPhase section */

/* Begin PBXSourcesBuildPhase section */
		C960C5052375A54F002703DC /* Sources */ = {
			isa = PBXSourcesBuildPhase;
			buildActionMask = 2147483647;
			files = (
				C952FAE72375ECAF009DB26C /* HelperUserDefaults.swift in Sources */,
				A4EC3DC823794020003764C9 /* TasksCollectionView.swift in Sources */,
				C960C5232375A72D002703DC /* LoginViewController.swift in Sources */,
				A4EC3DC023794020003764C9 /* NestedTableViewCell.swift in Sources */,
				78406ADA237ADA78008794F0 /* CustomButton.swift in Sources */,
				7870234B237CB00100B93766 /* TrelloManager.swift in Sources */,
				A4EC3DC323794020003764C9 /* ListView.swift in Sources */,
				C964637F2375C8F8000C33B5 /* SignUpViewController.swift in Sources */,
				C942940B2375D23F0077AD8A /* SettingsViewController.swift in Sources */,
				C960C5212375A70F002703DC /* WelcomeViewController.swift in Sources */,
				C964637D2375C8E6000C33B5 /* SignInViewController.swift in Sources */,
				1CE273A923781EB600198E7F /* NotesTableViewCell.swift in Sources */,
				A4EC3DC123794020003764C9 /* UsefulCell.swift in Sources */,
				C94294092375D2350077AD8A /* NotesViewController.swift in Sources */,
				A4EC3DC623794020003764C9 /* TasksCollectionViewController.swift in Sources */,
				A438A175237986EE000651BE /* TextDataUpdateProtocol.swift in Sources */,
				C960C51F2375A5D7002703DC /* RootViewController.swift in Sources */,
				C942940D2375DA830077AD8A /* EditNoteViewController.swift in Sources */,
				7870234D237CB34E00B93766 /* AuthorizationVC.swift in Sources */,
				A4EC3DC223794020003764C9 /* AddButtonViewController.swift in Sources */,
				C960C50D2375A54F002703DC /* AppDelegate.swift in Sources */,
				A4EC3DC523794020003764C9 /* HasCustomViewProtocol.swift in Sources */,
				A4EC3DC423794020003764C9 /* AddButtonView.swift in Sources */,
				78406AD8237AD813008794F0 /* UIKitForProject.swift in Sources */,
				78406AD6237AD6AD008794F0 /* CustomTextView.swift in Sources */,
				A45CBD3D237BF31A005C9B72 /* GradientButton.swift in Sources */,
				C94294052375D1240077AD8A /* MyTabBarController.swift in Sources */,
				A4EC3DC723794020003764C9 /* ListViewController.swift in Sources */,
			);
			runOnlyForDeploymentPostprocessing = 0;
		};
/* End PBXSourcesBuildPhase section */

/* Begin PBXVariantGroup section */
		C960C5152375A555002703DC /* LaunchScreen.storyboard */ = {
			isa = PBXVariantGroup;
			children = (
				C960C5162375A555002703DC /* Base */,
			);
			name = LaunchScreen.storyboard;
			sourceTree = "<group>";
		};
/* End PBXVariantGroup section */

/* Begin XCBuildConfiguration section */
		C960C5192375A555002703DC /* Debug */ = {
			isa = XCBuildConfiguration;
			buildSettings = {
				ALWAYS_SEARCH_USER_PATHS = NO;
				CLANG_ANALYZER_NONNULL = YES;
				CLANG_ANALYZER_NUMBER_OBJECT_CONVERSION = YES_AGGRESSIVE;
				CLANG_CXX_LANGUAGE_STANDARD = "gnu++14";
				CLANG_CXX_LIBRARY = "libc++";
				CLANG_ENABLE_MODULES = YES;
				CLANG_ENABLE_OBJC_ARC = YES;
				CLANG_ENABLE_OBJC_WEAK = YES;
				CLANG_WARN_BLOCK_CAPTURE_AUTORELEASING = YES;
				CLANG_WARN_BOOL_CONVERSION = YES;
				CLANG_WARN_COMMA = YES;
				CLANG_WARN_CONSTANT_CONVERSION = YES;
				CLANG_WARN_DEPRECATED_OBJC_IMPLEMENTATIONS = YES;
				CLANG_WARN_DIRECT_OBJC_ISA_USAGE = YES_ERROR;
				CLANG_WARN_DOCUMENTATION_COMMENTS = YES;
				CLANG_WARN_EMPTY_BODY = YES;
				CLANG_WARN_ENUM_CONVERSION = YES;
				CLANG_WARN_INFINITE_RECURSION = YES;
				CLANG_WARN_INT_CONVERSION = YES;
				CLANG_WARN_NON_LITERAL_NULL_CONVERSION = YES;
				CLANG_WARN_OBJC_IMPLICIT_RETAIN_SELF = YES;
				CLANG_WARN_OBJC_LITERAL_CONVERSION = YES;
				CLANG_WARN_OBJC_ROOT_CLASS = YES_ERROR;
				CLANG_WARN_RANGE_LOOP_ANALYSIS = YES;
				CLANG_WARN_STRICT_PROTOTYPES = YES;
				CLANG_WARN_SUSPICIOUS_MOVE = YES;
				CLANG_WARN_UNGUARDED_AVAILABILITY = YES_AGGRESSIVE;
				CLANG_WARN_UNREACHABLE_CODE = YES;
				CLANG_WARN__DUPLICATE_METHOD_MATCH = YES;
				CODE_SIGN_IDENTITY = "iPhone Developer";
				COPY_PHASE_STRIP = NO;
				DEBUG_INFORMATION_FORMAT = dwarf;
				ENABLE_STRICT_OBJC_MSGSEND = YES;
				ENABLE_TESTABILITY = YES;
				GCC_C_LANGUAGE_STANDARD = gnu11;
				GCC_DYNAMIC_NO_PIC = NO;
				GCC_NO_COMMON_BLOCKS = YES;
				GCC_OPTIMIZATION_LEVEL = 0;
				GCC_PREPROCESSOR_DEFINITIONS = (
					"DEBUG=1",
					"$(inherited)",
				);
				GCC_WARN_64_TO_32_BIT_CONVERSION = YES;
				GCC_WARN_ABOUT_RETURN_TYPE = YES_ERROR;
				GCC_WARN_UNDECLARED_SELECTOR = YES;
				GCC_WARN_UNINITIALIZED_AUTOS = YES_AGGRESSIVE;
				GCC_WARN_UNUSED_FUNCTION = YES;
				GCC_WARN_UNUSED_VARIABLE = YES;
				IPHONEOS_DEPLOYMENT_TARGET = 12.4;
				MTL_ENABLE_DEBUG_INFO = INCLUDE_SOURCE;
				MTL_FAST_MATH = YES;
				ONLY_ACTIVE_ARCH = YES;
				SDKROOT = iphoneos;
				SWIFT_ACTIVE_COMPILATION_CONDITIONS = DEBUG;
				SWIFT_OPTIMIZATION_LEVEL = "-Onone";
			};
			name = Debug;
		};
		C960C51A2375A555002703DC /* Release */ = {
			isa = XCBuildConfiguration;
			buildSettings = {
				ALWAYS_SEARCH_USER_PATHS = NO;
				CLANG_ANALYZER_NONNULL = YES;
				CLANG_ANALYZER_NUMBER_OBJECT_CONVERSION = YES_AGGRESSIVE;
				CLANG_CXX_LANGUAGE_STANDARD = "gnu++14";
				CLANG_CXX_LIBRARY = "libc++";
				CLANG_ENABLE_MODULES = YES;
				CLANG_ENABLE_OBJC_ARC = YES;
				CLANG_ENABLE_OBJC_WEAK = YES;
				CLANG_WARN_BLOCK_CAPTURE_AUTORELEASING = YES;
				CLANG_WARN_BOOL_CONVERSION = YES;
				CLANG_WARN_COMMA = YES;
				CLANG_WARN_CONSTANT_CONVERSION = YES;
				CLANG_WARN_DEPRECATED_OBJC_IMPLEMENTATIONS = YES;
				CLANG_WARN_DIRECT_OBJC_ISA_USAGE = YES_ERROR;
				CLANG_WARN_DOCUMENTATION_COMMENTS = YES;
				CLANG_WARN_EMPTY_BODY = YES;
				CLANG_WARN_ENUM_CONVERSION = YES;
				CLANG_WARN_INFINITE_RECURSION = YES;
				CLANG_WARN_INT_CONVERSION = YES;
				CLANG_WARN_NON_LITERAL_NULL_CONVERSION = YES;
				CLANG_WARN_OBJC_IMPLICIT_RETAIN_SELF = YES;
				CLANG_WARN_OBJC_LITERAL_CONVERSION = YES;
				CLANG_WARN_OBJC_ROOT_CLASS = YES_ERROR;
				CLANG_WARN_RANGE_LOOP_ANALYSIS = YES;
				CLANG_WARN_STRICT_PROTOTYPES = YES;
				CLANG_WARN_SUSPICIOUS_MOVE = YES;
				CLANG_WARN_UNGUARDED_AVAILABILITY = YES_AGGRESSIVE;
				CLANG_WARN_UNREACHABLE_CODE = YES;
				CLANG_WARN__DUPLICATE_METHOD_MATCH = YES;
				CODE_SIGN_IDENTITY = "iPhone Developer";
				COPY_PHASE_STRIP = NO;
				DEBUG_INFORMATION_FORMAT = "dwarf-with-dsym";
				ENABLE_NS_ASSERTIONS = NO;
				ENABLE_STRICT_OBJC_MSGSEND = YES;
				GCC_C_LANGUAGE_STANDARD = gnu11;
				GCC_NO_COMMON_BLOCKS = YES;
				GCC_WARN_64_TO_32_BIT_CONVERSION = YES;
				GCC_WARN_ABOUT_RETURN_TYPE = YES_ERROR;
				GCC_WARN_UNDECLARED_SELECTOR = YES;
				GCC_WARN_UNINITIALIZED_AUTOS = YES_AGGRESSIVE;
				GCC_WARN_UNUSED_FUNCTION = YES;
				GCC_WARN_UNUSED_VARIABLE = YES;
				IPHONEOS_DEPLOYMENT_TARGET = 12.4;
				MTL_ENABLE_DEBUG_INFO = NO;
				MTL_FAST_MATH = YES;
				SDKROOT = iphoneos;
				SWIFT_COMPILATION_MODE = wholemodule;
				SWIFT_OPTIMIZATION_LEVEL = "-O";
				VALIDATE_PRODUCT = YES;
			};
			name = Release;
		};
		C960C51C2375A555002703DC /* Debug */ = {
			isa = XCBuildConfiguration;
			buildSettings = {
				ASSETCATALOG_COMPILER_APPICON_NAME = AppIcon;
				CODE_SIGN_STYLE = Automatic;
				DEVELOPMENT_TEAM = "";
				INFOPLIST_FILE = AppStructure/Info.plist;
				LD_RUNPATH_SEARCH_PATHS = (
					"$(inherited)",
					"@executable_path/Frameworks",
				);
				PRODUCT_BUNDLE_IDENTIFIER = me.nurmatov.ikhtiyor.AppStructure;
				PRODUCT_NAME = "$(TARGET_NAME)";
				SWIFT_VERSION = 5.0;
				TARGETED_DEVICE_FAMILY = 1;
			};
			name = Debug;
		};
		C960C51D2375A555002703DC /* Release */ = {
			isa = XCBuildConfiguration;
			buildSettings = {
				ASSETCATALOG_COMPILER_APPICON_NAME = AppIcon;
				CODE_SIGN_STYLE = Automatic;
				DEVELOPMENT_TEAM = "";
				INFOPLIST_FILE = AppStructure/Info.plist;
				LD_RUNPATH_SEARCH_PATHS = (
					"$(inherited)",
					"@executable_path/Frameworks",
				);
				PRODUCT_BUNDLE_IDENTIFIER = me.nurmatov.ikhtiyor.AppStructure;
				PRODUCT_NAME = "$(TARGET_NAME)";
				SWIFT_VERSION = 5.0;
				TARGETED_DEVICE_FAMILY = 1;
			};
			name = Release;
		};
/* End XCBuildConfiguration section */

/* Begin XCConfigurationList section */
		C960C5042375A54F002703DC /* Build configuration list for PBXProject "AppStructure" */ = {
			isa = XCConfigurationList;
			buildConfigurations = (
				C960C5192375A555002703DC /* Debug */,
				C960C51A2375A555002703DC /* Release */,
			);
			defaultConfigurationIsVisible = 0;
			defaultConfigurationName = Release;
		};
		C960C51B2375A555002703DC /* Build configuration list for PBXNativeTarget "AppStructure" */ = {
			isa = XCConfigurationList;
			buildConfigurations = (
				C960C51C2375A555002703DC /* Debug */,
				C960C51D2375A555002703DC /* Release */,
			);
			defaultConfigurationIsVisible = 0;
			defaultConfigurationName = Release;
		};
/* End XCConfigurationList section */
	};
	rootObject = C960C5012375A54F002703DC /* Project object */;
}
